# THIS IS AN AUTOGENERATED FILE. DO NOT EDIT THIS FILE DIRECTLY.
# yarn lockfile v1


antlr4@4.13.1-patch-1:
  version "4.13.1-patch-1"
  resolved "https://registry.yarnpkg.com/antlr4/-/antlr4-4.13.1-patch-1.tgz#946176f863f890964a050c4f18c47fd6f7e57602"
  integrity sha512-OjFLWWLzDMV9rdFhpvroCWR4ooktNg9/nvVYSA5z28wuVpU36QUNuioR1XLnQtcjVlf8npjyz593PxnU/f/Cow==
